
Microsoft Visual Studio Solution File, Format Version 12.00
# Visual Studio Version 16
VisualStudioVersion = 16.0.30330.147
MinimumVisualStudioVersion = 10.0.40219.1
Project("{9A19103F-16F7-4668-BE54-9A1E7A4F7556}") = "MVCProject", "MVCProject\MVCProject.csproj", "{663EED58-57C0-43F2-BD75-1E690C75FB7A}"
EndProject
Project("{FAE04EC0-301F-11D3-BF4B-00C04F79EFBC}") = "PatientLibrary", "PatientLibrary\PatientLibrary.csproj", "{690CDF5F-BB73-492A-A9DB-5D1E6159ED94}"
EndProject
Global
	GlobalSection(SolutionConfigurationPlatforms) = preSolution
		Debug|Any CPU = Debug|Any CPU
		Release|Any CPU = Release|Any CPU
	EndGlobalSection
	GlobalSection(ProjectConfigurationPlatforms) = postSolution
		{663EED58-57C0-43F2-BD75-1E690C75FB7A}.Debug|Any CPU.ActiveCfg = Debug|Any CPU
		{663EED58-57C0-43F2-BD75-1E690C75FB7A}.Debug|Any CPU.Build.0 = Debug|Any CPU
		{663EED58-57C0-43F2-BD75-1E690C75FB7A}.Release|Any CPU.ActiveCfg = Release|Any CPU
		{663EED58-57C0-43F2-BD75-1E690C75FB7A}.Release|Any CPU.Build.0 = Release|Any CPU
		{690CDF5F-BB73-492A-A9DB-5D1E6159ED94}.Debug|Any CPU.ActiveCfg = Debug|Any CPU
		{690CDF5F-BB73-492A-A9DB-5D1E6159ED94}.Debug|Any CPU.Build.0 = Debug|Any CPU
		{690CDF5F-BB73-492A-A9DB-5D1E6159ED94}.Release|Any CPU.ActiveCfg = Release|Any CPU
		{690CDF5F-BB73-492A-A9DB-5D1E6159ED94}.Release|Any CPU.Build.0 = Release|Any CPU
	EndGlobalSection
	GlobalSection(SolutionProperties) = preSolution
		HideSolutionNode = FALSE
	EndGlobalSection
	GlobalSection(ExtensibilityGlobals) = postSolution
		SolutionGuid = {9B5E4958-C503-4224-9654-9F919CE382A3}
	EndGlobalSection
EndGlobal
