
Microsoft Visual Studio Solution File, Format Version 12.00
# Visual Studio Version 16
VisualStudioVersion = 16.0.30330.147
MinimumVisualStudioVersion = 10.0.40219.1
Project("{FAE04EC0-301F-11D3-BF4B-00C04F79EFBC}") = "ConsoleUI", "ConsoleUI\ConsoleUI.csproj", "{255061DA-08C2-4BD4-9058-ABDB5E4A81F6}"
EndProject
Project("{FAE04EC0-301F-11D3-BF4B-00C04F79EFBC}") = "HospitalManagementClass", "HospitalManagementClass\HospitalManagementClass.csproj", "{A146F1A9-FAB0-4602-B1B3-47AA85624151}"
EndProject
Global
	GlobalSection(SolutionConfigurationPlatforms) = preSolution
		Debug|Any CPU = Debug|Any CPU
		Release|Any CPU = Release|Any CPU
	EndGlobalSection
	GlobalSection(ProjectConfigurationPlatforms) = postSolution
		{255061DA-08C2-4BD4-9058-ABDB5E4A81F6}.Debug|Any CPU.ActiveCfg = Debug|Any CPU
		{255061DA-08C2-4BD4-9058-ABDB5E4A81F6}.Debug|Any CPU.Build.0 = Debug|Any CPU
		{255061DA-08C2-4BD4-9058-ABDB5E4A81F6}.Release|Any CPU.ActiveCfg = Release|Any CPU
		{255061DA-08C2-4BD4-9058-ABDB5E4A81F6}.Release|Any CPU.Build.0 = Release|Any CPU
		{A146F1A9-FAB0-4602-B1B3-47AA85624151}.Debug|Any CPU.ActiveCfg = Debug|Any CPU
		{A146F1A9-FAB0-4602-B1B3-47AA85624151}.Debug|Any CPU.Build.0 = Debug|Any CPU
		{A146F1A9-FAB0-4602-B1B3-47AA85624151}.Release|Any CPU.ActiveCfg = Release|Any CPU
		{A146F1A9-FAB0-4602-B1B3-47AA85624151}.Release|Any CPU.Build.0 = Release|Any CPU
	EndGlobalSection
	GlobalSection(SolutionProperties) = preSolution
		HideSolutionNode = FALSE
	EndGlobalSection
	GlobalSection(ExtensibilityGlobals) = postSolution
		SolutionGuid = {C1A1F8B9-3ED7-4937-B8C4-3251D0459F02}
	EndGlobalSection
EndGlobal
