
Microsoft Visual Studio Solution File, Format Version 12.00
# Visual Studio Version 16
VisualStudioVersion = 16.0.30330.147
MinimumVisualStudioVersion = 10.0.40219.1
Project("{FAE04EC0-301F-11D3-BF4B-00C04F79EFBC}") = "Generation", "Generation\Generation.csproj", "{B80A3B49-3E54-4EA8-A612-3DE99D19C0FE}"
EndProject
Global
	GlobalSection(SolutionConfigurationPlatforms) = preSolution
		Debug|Any CPU = Debug|Any CPU
		Release|Any CPU = Release|Any CPU
	EndGlobalSection
	GlobalSection(ProjectConfigurationPlatforms) = postSolution
		{B80A3B49-3E54-4EA8-A612-3DE99D19C0FE}.Debug|Any CPU.ActiveCfg = Debug|Any CPU
		{B80A3B49-3E54-4EA8-A612-3DE99D19C0FE}.Debug|Any CPU.Build.0 = Debug|Any CPU
		{B80A3B49-3E54-4EA8-A612-3DE99D19C0FE}.Release|Any CPU.ActiveCfg = Release|Any CPU
		{B80A3B49-3E54-4EA8-A612-3DE99D19C0FE}.Release|Any CPU.Build.0 = Release|Any CPU
	EndGlobalSection
	GlobalSection(SolutionProperties) = preSolution
		HideSolutionNode = FALSE
	EndGlobalSection
	GlobalSection(ExtensibilityGlobals) = postSolution
		SolutionGuid = {9F5DA5C8-9B52-4FD1-B8B9-15E189595A98}
	EndGlobalSection
EndGlobal
